
Microsoft Visual Studio Solution File, Format Version 12.00
# 
Project("{FAE04EC0-301F-11D3-BF4B-00C04F79EFBC}") = "RainbusToolbox", "RainbusToolbox.csproj", "{85747FA5-FFCA-43A2-9267-725D9906CEE7}"
EndProject
Project("{FAE04EC0-301F-11D3-BF4B-00C04F79EFBC}") = "RainbusToolbox.Tests", "RainbusToolbox.Tests\RainbusToolbox.Tests.csproj", "{ADFEEDD8-C6EB-4010-A8D8-02E452C24973}"
EndProject
Global
	GlobalSection(SolutionConfigurationPlatforms) = preSolution
		Debug|Any CPU = Debug|Any CPU
		Release|Any CPU = Release|Any CPU
	EndGlobalSection
	GlobalSection(ProjectConfigurationPlatforms) = postSolution
		{85747FA5-FFCA-43A2-9267-725D9906CEE7}.Debug|Any CPU.ActiveCfg = Debug|Any CPU
		{85747FA5-FFCA-43A2-9267-725D9906CEE7}.Debug|Any CPU.Build.0 = Debug|Any CPU
		{85747FA5-FFCA-43A2-9267-725D9906CEE7}.Release|Any CPU.ActiveCfg = Release|Any CPU
		{85747FA5-FFCA-43A2-9267-725D9906CEE7}.Release|Any CPU.Build.0 = Release|Any CPU
		{ADFEEDD8-C6EB-4010-A8D8-02E452C24973}.Debug|Any CPU.ActiveCfg = Debug|Any CPU
		{ADFEEDD8-C6EB-4010-A8D8-02E452C24973}.Debug|Any CPU.Build.0 = Debug|Any CPU
		{ADFEEDD8-C6EB-4010-A8D8-02E452C24973}.Release|Any CPU.ActiveCfg = Release|Any CPU
		{ADFEEDD8-C6EB-4010-A8D8-02E452C24973}.Release|Any CPU.Build.0 = Release|Any CPU
	EndGlobalSection
EndGlobal
